
Microsoft Visual Studio Solution File, Format Version 12.00
# Visual Studio 14
VisualStudioVersion = 14.0.22310.1
MinimumVisualStudioVersion = 10.0.40219.1
Project("{FAE04EC0-301F-11D3-BF4B-00C04F79EFBC}") = "OutParametersDiagnostic", "OutParametersDiagnostic\OutParametersDiagnostic\OutParametersDiagnostic.csproj", "{AE5969E3-DC76-4744-A15D-7C4079F20688}"
EndProject
Project("{2150E333-8FDC-42A3-9474-1A3956D46DE8}") = ".nuget", ".nuget", "{2F883A85-E1AF-43D0-8EC9-86B2196EB443}"
	ProjectSection(SolutionItems) = preProject
		.nuget\packages.config = .nuget\packages.config
	EndProjectSection
EndProject
Project("{FAE04EC0-301F-11D3-BF4B-00C04F79EFBC}") = "OutParametersDiagnostic.Test", "OutParametersDiagnostic\OutParametersDiagnostic.Test\OutParametersDiagnostic.Test.csproj", "{6D6B8E61-5244-42F7-899E-FC3D2963CF4F}"
EndProject
Project("{FAE04EC0-301F-11D3-BF4B-00C04F79EFBC}") = "OutParametersDiagnostic.Vsix", "OutParametersDiagnostic\OutParametersDiagnostic.Vsix\OutParametersDiagnostic.Vsix.csproj", "{624A4D49-DF7F-425E-A1B4-05D7FB500FB0}"
EndProject
Global
	GlobalSection(SolutionConfigurationPlatforms) = preSolution
		Debug|Any CPU = Debug|Any CPU
		Release|Any CPU = Release|Any CPU
	EndGlobalSection
	GlobalSection(ProjectConfigurationPlatforms) = postSolution
		{AE5969E3-DC76-4744-A15D-7C4079F20688}.Debug|Any CPU.ActiveCfg = Debug|Any CPU
		{AE5969E3-DC76-4744-A15D-7C4079F20688}.Debug|Any CPU.Build.0 = Debug|Any CPU
		{AE5969E3-DC76-4744-A15D-7C4079F20688}.Release|Any CPU.ActiveCfg = Release|Any CPU
		{AE5969E3-DC76-4744-A15D-7C4079F20688}.Release|Any CPU.Build.0 = Release|Any CPU
		{6D6B8E61-5244-42F7-899E-FC3D2963CF4F}.Debug|Any CPU.ActiveCfg = Debug|Any CPU
		{6D6B8E61-5244-42F7-899E-FC3D2963CF4F}.Debug|Any CPU.Build.0 = Debug|Any CPU
		{6D6B8E61-5244-42F7-899E-FC3D2963CF4F}.Release|Any CPU.ActiveCfg = Release|Any CPU
		{6D6B8E61-5244-42F7-899E-FC3D2963CF4F}.Release|Any CPU.Build.0 = Release|Any CPU
		{624A4D49-DF7F-425E-A1B4-05D7FB500FB0}.Debug|Any CPU.ActiveCfg = Debug|Any CPU
		{624A4D49-DF7F-425E-A1B4-05D7FB500FB0}.Debug|Any CPU.Build.0 = Debug|Any CPU
		{624A4D49-DF7F-425E-A1B4-05D7FB500FB0}.Release|Any CPU.ActiveCfg = Release|Any CPU
		{624A4D49-DF7F-425E-A1B4-05D7FB500FB0}.Release|Any CPU.Build.0 = Release|Any CPU
	EndGlobalSection
	GlobalSection(SolutionProperties) = preSolution
		HideSolutionNode = FALSE
	EndGlobalSection
EndGlobal
